
Microsoft Visual Studio Solution File, Format Version 12.00
# Visual Studio 2012
Project("{FAE04EC0-301F-11D3-BF4B-00C04F79EFBC}") = "SignalRHostApp", "SignalRHostApp\SignalRHostApp.csproj", "{CC4FDA06-3891-4BBE-99B3-5895FE8F01C3}"
EndProject
Project("{FAE04EC0-301F-11D3-BF4B-00C04F79EFBC}") = "WebApplicationSample", "WebApplicationSample\WebApplicationSample.csproj", "{9F197495-2543-446C-841F-50B17596D93C}"
EndProject
Global
	GlobalSection(SolutionConfigurationPlatforms) = preSolution
		Debug|Any CPU = Debug|Any CPU
		Release|Any CPU = Release|Any CPU
	EndGlobalSection
	GlobalSection(ProjectConfigurationPlatforms) = postSolution
		{CC4FDA06-3891-4BBE-99B3-5895FE8F01C3}.Debug|Any CPU.ActiveCfg = Debug|Any CPU
		{CC4FDA06-3891-4BBE-99B3-5895FE8F01C3}.Debug|Any CPU.Build.0 = Debug|Any CPU
		{CC4FDA06-3891-4BBE-99B3-5895FE8F01C3}.Release|Any CPU.ActiveCfg = Release|Any CPU
		{CC4FDA06-3891-4BBE-99B3-5895FE8F01C3}.Release|Any CPU.Build.0 = Release|Any CPU
		{9F197495-2543-446C-841F-50B17596D93C}.Debug|Any CPU.ActiveCfg = Debug|Any CPU
		{9F197495-2543-446C-841F-50B17596D93C}.Debug|Any CPU.Build.0 = Debug|Any CPU
		{9F197495-2543-446C-841F-50B17596D93C}.Release|Any CPU.ActiveCfg = Release|Any CPU
		{9F197495-2543-446C-841F-50B17596D93C}.Release|Any CPU.Build.0 = Release|Any CPU
	EndGlobalSection
	GlobalSection(SolutionProperties) = preSolution
		HideSolutionNode = FALSE
	EndGlobalSection
EndGlobal
