
Microsoft Visual Studio Solution File, Format Version 12.00
# Visual Studio Version 17
VisualStudioVersion = 17.0.31912.275
MinimumVisualStudioVersion = 10.0.40219.1
Project("{FAE04EC0-301F-11D3-BF4B-00C04F79EFBC}") = "CanvasFocusError", "CanvasFocusError\CanvasFocusError.csproj", "{27D3987C-8C36-421D-A458-FBCA8381A318}"
EndProject
Global
	GlobalSection(SolutionConfigurationPlatforms) = preSolution
		Debug|Any CPU = Debug|Any CPU
		Release|Any CPU = Release|Any CPU
	EndGlobalSection
	GlobalSection(ProjectConfigurationPlatforms) = postSolution
		{27D3987C-8C36-421D-A458-FBCA8381A318}.Debug|Any CPU.ActiveCfg = Debug|Any CPU
		{27D3987C-8C36-421D-A458-FBCA8381A318}.Debug|Any CPU.Build.0 = Debug|Any CPU
		{27D3987C-8C36-421D-A458-FBCA8381A318}.Release|Any CPU.ActiveCfg = Release|Any CPU
		{27D3987C-8C36-421D-A458-FBCA8381A318}.Release|Any CPU.Build.0 = Release|Any CPU
	EndGlobalSection
	GlobalSection(SolutionProperties) = preSolution
		HideSolutionNode = FALSE
	EndGlobalSection
	GlobalSection(ExtensibilityGlobals) = postSolution
		SolutionGuid = {BCE5AE20-9403-4AC9-964A-9188511D436C}
	EndGlobalSection
EndGlobal
