
Microsoft Visual Studio Solution File, Format Version 12.00
# Visual Studio 15
VisualStudioVersion = 15.0.28307.572
MinimumVisualStudioVersion = 10.0.40219.1
Project("{FAE04EC0-301F-11D3-BF4B-00C04F79EFBC}") = "ServerTest", "ServerTest\ServerTest.csproj", "{8023432B-B04E-4468-8102-9DC1BD632635}"
EndProject
Project("{FAE04EC0-301F-11D3-BF4B-00C04F79EFBC}") = "ClientTest", "ClientTest\ClientTest.csproj", "{82860210-2953-4DEA-B94E-51C4079E12E3}"
EndProject
Project("{FAE04EC0-301F-11D3-BF4B-00C04F79EFBC}") = "AppPipe", "F:\git_Source\BANAPRESSO_KIOSK\AppPipeLib\AppPipe\AppPipe.csproj", "{A48FA1F5-E164-4BE6-BD31-4E2CAF3E7322}"
EndProject
Global
	GlobalSection(SolutionConfigurationPlatforms) = preSolution
		Debug|Any CPU = Debug|Any CPU
		Release|Any CPU = Release|Any CPU
	EndGlobalSection
	GlobalSection(ProjectConfigurationPlatforms) = postSolution
		{8023432B-B04E-4468-8102-9DC1BD632635}.Debug|Any CPU.ActiveCfg = Debug|Any CPU
		{8023432B-B04E-4468-8102-9DC1BD632635}.Debug|Any CPU.Build.0 = Debug|Any CPU
		{8023432B-B04E-4468-8102-9DC1BD632635}.Release|Any CPU.ActiveCfg = Release|Any CPU
		{8023432B-B04E-4468-8102-9DC1BD632635}.Release|Any CPU.Build.0 = Release|Any CPU
		{82860210-2953-4DEA-B94E-51C4079E12E3}.Debug|Any CPU.ActiveCfg = Debug|Any CPU
		{82860210-2953-4DEA-B94E-51C4079E12E3}.Debug|Any CPU.Build.0 = Debug|Any CPU
		{82860210-2953-4DEA-B94E-51C4079E12E3}.Release|Any CPU.ActiveCfg = Release|Any CPU
		{82860210-2953-4DEA-B94E-51C4079E12E3}.Release|Any CPU.Build.0 = Release|Any CPU
		{A48FA1F5-E164-4BE6-BD31-4E2CAF3E7322}.Debug|Any CPU.ActiveCfg = Debug|Any CPU
		{A48FA1F5-E164-4BE6-BD31-4E2CAF3E7322}.Debug|Any CPU.Build.0 = Debug|Any CPU
		{A48FA1F5-E164-4BE6-BD31-4E2CAF3E7322}.Release|Any CPU.ActiveCfg = Release|Any CPU
		{A48FA1F5-E164-4BE6-BD31-4E2CAF3E7322}.Release|Any CPU.Build.0 = Release|Any CPU
	EndGlobalSection
	GlobalSection(SolutionProperties) = preSolution
		HideSolutionNode = FALSE
	EndGlobalSection
	GlobalSection(ExtensibilityGlobals) = postSolution
		SolutionGuid = {E08C23B7-EBE3-445F-8445-6E38DC46383D}
	EndGlobalSection
EndGlobal
