
Microsoft Visual Studio Solution File, Format Version 12.00
# Visual Studio Version 17
VisualStudioVersion = 17.0.31912.275
MinimumVisualStudioVersion = 10.0.40219.1
Project("{FAE04EC0-301F-11D3-BF4B-00C04F79EFBC}") = "WpfApp7", "WpfApp7\WpfApp7.csproj", "{6FDC7B11-293D-4419-9761-EC27CCB8AB92}"
EndProject
Project("{FAE04EC0-301F-11D3-BF4B-00C04F79EFBC}") = "ConsoleApp1", "ConsoleApp1\ConsoleApp1.csproj", "{F3F95CD7-B0C9-48C9-B083-F2F3FEC73473}"
EndProject
Project("{FAE04EC0-301F-11D3-BF4B-00C04F79EFBC}") = "WindowsFormsApp1", "WindowsFormsApp1\WindowsFormsApp1.csproj", "{1833AB1F-9D5A-4C5B-BD97-A7D1DA25068D}"
EndProject
Project("{FAE04EC0-301F-11D3-BF4B-00C04F79EFBC}") = "WpfApp1", "WpfApp1\WpfApp1.csproj", "{6F9BFB0E-8835-4148-8160-576C7C9DCD38}"
EndProject
Project("{9A19103F-16F7-4668-BE54-9A1E7A4F7556}") = "ConsoleApp2", "ConsoleApp2\ConsoleApp2.csproj", "{F4A0CA82-57A6-4DD1-877F-06BD83A8A444}"
EndProject
Project("{9A19103F-16F7-4668-BE54-9A1E7A4F7556}") = "ConsoleApp_9.0", "ConsoleApp_9.0\ConsoleApp_9.0.csproj", "{2E7B9576-9AEE-451E-86BA-82EBC338919D}"
EndProject
Project("{FAE04EC0-301F-11D3-BF4B-00C04F79EFBC}") = "WpfApp2", "WpfApp2\WpfApp2.csproj", "{005917F8-80FF-4134-B577-B0F151F77850}"
EndProject
Project("{FAE04EC0-301F-11D3-BF4B-00C04F79EFBC}") = "WpfApp3", "WpfApp3\WpfApp3.csproj", "{8C56A6DC-626E-437A-8E37-C0C390AEED7A}"
EndProject
Project("{FAE04EC0-301F-11D3-BF4B-00C04F79EFBC}") = "ConsoleApp3", "ConsoleApp3\ConsoleApp3.csproj", "{EEAC9ECA-1846-4030-9814-6CF33B618A29}"
EndProject
Project("{FAE04EC0-301F-11D3-BF4B-00C04F79EFBC}") = "WpfApp4", "WpfApp4\WpfApp4.csproj", "{2EA9D92B-B89A-4BA1-ADB0-E281AA7EBF5F}"
EndProject
Project("{FAE04EC0-301F-11D3-BF4B-00C04F79EFBC}") = "WpfApp5", "WpfApp5\WpfApp5.csproj", "{D47B1320-B74D-42C8-8FAB-EE9F3A4C822B}"
EndProject
Project("{9A19103F-16F7-4668-BE54-9A1E7A4F7556}") = "ConsoleApp5", "ConsoleApp5\ConsoleApp5.csproj", "{DFB5970E-6C64-4769-9E58-A7D79952893A}"
EndProject
Project("{FAE04EC0-301F-11D3-BF4B-00C04F79EFBC}") = "WpfApp6", "WpfApp6\WpfApp6.csproj", "{16A3CD23-84CD-43E5-AF5A-6E7C42CA1E41}"
EndProject
Project("{FAE04EC0-301F-11D3-BF4B-00C04F79EFBC}") = "WpfApp8", "WpfApp8\WpfApp8.csproj", "{78A8028C-AEC3-4085-A063-4F7848EFD93C}"
EndProject
Project("{9A19103F-16F7-4668-BE54-9A1E7A4F7556}") = "WpfApp9", "WpfApp9\WpfApp9.csproj", "{C1793ACD-871F-4562-AA59-0F90CCB8E06F}"
EndProject
Project("{9A19103F-16F7-4668-BE54-9A1E7A4F7556}") = "WpfApp10", "WpfApp10\WpfApp10.csproj", "{A25BC84B-257E-44C5-9B8A-BB8658A80B51}"
EndProject
Project("{FAE04EC0-301F-11D3-BF4B-00C04F79EFBC}") = "WindowsFormsApp2", "WindowsFormsApp2\WindowsFormsApp2.csproj", "{5FF5FE5C-DE53-4E8D-9CCF-2E46452288B0}"
EndProject
Project("{FAE04EC0-301F-11D3-BF4B-00C04F79EFBC}") = "Reversi", "Reversi\Reversi.csproj", "{A2FF261F-B03B-4DB5-9054-BD7531656616}"
EndProject
Project("{FAE04EC0-301F-11D3-BF4B-00C04F79EFBC}") = "Reversi_Playlogic", "Reversi_Playlogic\Reversi_Playlogic.csproj", "{C2D54D55-D3AA-4E67-9AC5-6B21D248D2B5}"
EndProject
Project("{FAE04EC0-301F-11D3-BF4B-00C04F79EFBC}") = "Play", "Play\Play.csproj", "{633577E5-304F-47F0-9F0E-7095CFD442B2}"
EndProject
Project("{FAE04EC0-301F-11D3-BF4B-00C04F79EFBC}") = "WpfApp11", "WpfApp11\WpfApp11.csproj", "{61A64221-C618-4306-BEAC-5514270E41AA}"
EndProject
Project("{9A19103F-16F7-4668-BE54-9A1E7A4F7556}") = "WpfApp12", "WpfApp12\WpfApp12.csproj", "{18EA5685-A982-4CAB-B834-285D0CFD2A80}"
EndProject
Project("{9A19103F-16F7-4668-BE54-9A1E7A4F7556}") = "WpfApp13", "WpfApp13\WpfApp13.csproj", "{C809E0DB-DE18-4CCC-828E-E1B8FC5CB28F}"
EndProject
Project("{9A19103F-16F7-4668-BE54-9A1E7A4F7556}") = "WebApplication1", "WebApplication1\WebApplication1.csproj", "{9B1A4C4B-9E5E-452B-98BF-BB6A44001E98}"
EndProject
Project("{9A19103F-16F7-4668-BE54-9A1E7A4F7556}") = "WebApplication2", "WebApplication2\WebApplication2.csproj", "{5719979E-F519-4282-B6AB-F5133B03E56E}"
EndProject
Project("{9A19103F-16F7-4668-BE54-9A1E7A4F7556}") = "WpfApp14", "WpfApp14\WpfApp14.csproj", "{11E5C792-D839-4AE1-A35D-09CDAF12AE84}"
EndProject
Project("{FAE04EC0-301F-11D3-BF4B-00C04F79EFBC}") = "WebApplication3", "WebApplication3\WebApplication3.csproj", "{943A20F3-A00F-49AB-B365-899154FF1F2E}"
EndProject
Global
	GlobalSection(SolutionConfigurationPlatforms) = preSolution
		Debug|Any CPU = Debug|Any CPU
		Release|Any CPU = Release|Any CPU
	EndGlobalSection
	GlobalSection(ProjectConfigurationPlatforms) = postSolution
		{6FDC7B11-293D-4419-9761-EC27CCB8AB92}.Debug|Any CPU.ActiveCfg = Debug|Any CPU
		{6FDC7B11-293D-4419-9761-EC27CCB8AB92}.Debug|Any CPU.Build.0 = Debug|Any CPU
		{6FDC7B11-293D-4419-9761-EC27CCB8AB92}.Release|Any CPU.ActiveCfg = Release|Any CPU
		{6FDC7B11-293D-4419-9761-EC27CCB8AB92}.Release|Any CPU.Build.0 = Release|Any CPU
		{F3F95CD7-B0C9-48C9-B083-F2F3FEC73473}.Debug|Any CPU.ActiveCfg = Debug|Any CPU
		{F3F95CD7-B0C9-48C9-B083-F2F3FEC73473}.Debug|Any CPU.Build.0 = Debug|Any CPU
		{F3F95CD7-B0C9-48C9-B083-F2F3FEC73473}.Release|Any CPU.ActiveCfg = Release|Any CPU
		{F3F95CD7-B0C9-48C9-B083-F2F3FEC73473}.Release|Any CPU.Build.0 = Release|Any CPU
		{1833AB1F-9D5A-4C5B-BD97-A7D1DA25068D}.Debug|Any CPU.ActiveCfg = Debug|Any CPU
		{1833AB1F-9D5A-4C5B-BD97-A7D1DA25068D}.Debug|Any CPU.Build.0 = Debug|Any CPU
		{1833AB1F-9D5A-4C5B-BD97-A7D1DA25068D}.Release|Any CPU.ActiveCfg = Release|Any CPU
		{1833AB1F-9D5A-4C5B-BD97-A7D1DA25068D}.Release|Any CPU.Build.0 = Release|Any CPU
		{6F9BFB0E-8835-4148-8160-576C7C9DCD38}.Debug|Any CPU.ActiveCfg = Debug|Any CPU
		{6F9BFB0E-8835-4148-8160-576C7C9DCD38}.Debug|Any CPU.Build.0 = Debug|Any CPU
		{6F9BFB0E-8835-4148-8160-576C7C9DCD38}.Release|Any CPU.ActiveCfg = Release|Any CPU
		{6F9BFB0E-8835-4148-8160-576C7C9DCD38}.Release|Any CPU.Build.0 = Release|Any CPU
		{F4A0CA82-57A6-4DD1-877F-06BD83A8A444}.Debug|Any CPU.ActiveCfg = Debug|Any CPU
		{F4A0CA82-57A6-4DD1-877F-06BD83A8A444}.Debug|Any CPU.Build.0 = Debug|Any CPU
		{F4A0CA82-57A6-4DD1-877F-06BD83A8A444}.Release|Any CPU.ActiveCfg = Release|Any CPU
		{F4A0CA82-57A6-4DD1-877F-06BD83A8A444}.Release|Any CPU.Build.0 = Release|Any CPU
		{2E7B9576-9AEE-451E-86BA-82EBC338919D}.Debug|Any CPU.ActiveCfg = Debug|Any CPU
		{2E7B9576-9AEE-451E-86BA-82EBC338919D}.Debug|Any CPU.Build.0 = Debug|Any CPU
		{2E7B9576-9AEE-451E-86BA-82EBC338919D}.Release|Any CPU.ActiveCfg = Release|Any CPU
		{2E7B9576-9AEE-451E-86BA-82EBC338919D}.Release|Any CPU.Build.0 = Release|Any CPU
		{005917F8-80FF-4134-B577-B0F151F77850}.Debug|Any CPU.ActiveCfg = Debug|Any CPU
		{005917F8-80FF-4134-B577-B0F151F77850}.Debug|Any CPU.Build.0 = Debug|Any CPU
		{005917F8-80FF-4134-B577-B0F151F77850}.Release|Any CPU.ActiveCfg = Release|Any CPU
		{005917F8-80FF-4134-B577-B0F151F77850}.Release|Any CPU.Build.0 = Release|Any CPU
		{8C56A6DC-626E-437A-8E37-C0C390AEED7A}.Debug|Any CPU.ActiveCfg = Debug|Any CPU
		{8C56A6DC-626E-437A-8E37-C0C390AEED7A}.Debug|Any CPU.Build.0 = Debug|Any CPU
		{8C56A6DC-626E-437A-8E37-C0C390AEED7A}.Release|Any CPU.ActiveCfg = Release|Any CPU
		{8C56A6DC-626E-437A-8E37-C0C390AEED7A}.Release|Any CPU.Build.0 = Release|Any CPU
		{EEAC9ECA-1846-4030-9814-6CF33B618A29}.Debug|Any CPU.ActiveCfg = Debug|Any CPU
		{EEAC9ECA-1846-4030-9814-6CF33B618A29}.Debug|Any CPU.Build.0 = Debug|Any CPU
		{EEAC9ECA-1846-4030-9814-6CF33B618A29}.Release|Any CPU.ActiveCfg = Release|Any CPU
		{EEAC9ECA-1846-4030-9814-6CF33B618A29}.Release|Any CPU.Build.0 = Release|Any CPU
		{2EA9D92B-B89A-4BA1-ADB0-E281AA7EBF5F}.Debug|Any CPU.ActiveCfg = Debug|Any CPU
		{2EA9D92B-B89A-4BA1-ADB0-E281AA7EBF5F}.Debug|Any CPU.Build.0 = Debug|Any CPU
		{2EA9D92B-B89A-4BA1-ADB0-E281AA7EBF5F}.Release|Any CPU.ActiveCfg = Release|Any CPU
		{2EA9D92B-B89A-4BA1-ADB0-E281AA7EBF5F}.Release|Any CPU.Build.0 = Release|Any CPU
		{D47B1320-B74D-42C8-8FAB-EE9F3A4C822B}.Debug|Any CPU.ActiveCfg = Debug|Any CPU
		{D47B1320-B74D-42C8-8FAB-EE9F3A4C822B}.Debug|Any CPU.Build.0 = Debug|Any CPU
		{D47B1320-B74D-42C8-8FAB-EE9F3A4C822B}.Release|Any CPU.ActiveCfg = Release|Any CPU
		{D47B1320-B74D-42C8-8FAB-EE9F3A4C822B}.Release|Any CPU.Build.0 = Release|Any CPU
		{DFB5970E-6C64-4769-9E58-A7D79952893A}.Debug|Any CPU.ActiveCfg = Debug|Any CPU
		{DFB5970E-6C64-4769-9E58-A7D79952893A}.Debug|Any CPU.Build.0 = Debug|Any CPU
		{DFB5970E-6C64-4769-9E58-A7D79952893A}.Release|Any CPU.ActiveCfg = Release|Any CPU
		{DFB5970E-6C64-4769-9E58-A7D79952893A}.Release|Any CPU.Build.0 = Release|Any CPU
		{16A3CD23-84CD-43E5-AF5A-6E7C42CA1E41}.Debug|Any CPU.ActiveCfg = Debug|Any CPU
		{16A3CD23-84CD-43E5-AF5A-6E7C42CA1E41}.Debug|Any CPU.Build.0 = Debug|Any CPU
		{16A3CD23-84CD-43E5-AF5A-6E7C42CA1E41}.Release|Any CPU.ActiveCfg = Release|Any CPU
		{16A3CD23-84CD-43E5-AF5A-6E7C42CA1E41}.Release|Any CPU.Build.0 = Release|Any CPU
		{78A8028C-AEC3-4085-A063-4F7848EFD93C}.Debug|Any CPU.ActiveCfg = Debug|Any CPU
		{78A8028C-AEC3-4085-A063-4F7848EFD93C}.Debug|Any CPU.Build.0 = Debug|Any CPU
		{78A8028C-AEC3-4085-A063-4F7848EFD93C}.Release|Any CPU.ActiveCfg = Release|Any CPU
		{78A8028C-AEC3-4085-A063-4F7848EFD93C}.Release|Any CPU.Build.0 = Release|Any CPU
		{C1793ACD-871F-4562-AA59-0F90CCB8E06F}.Debug|Any CPU.ActiveCfg = Debug|Any CPU
		{C1793ACD-871F-4562-AA59-0F90CCB8E06F}.Debug|Any CPU.Build.0 = Debug|Any CPU
		{C1793ACD-871F-4562-AA59-0F90CCB8E06F}.Release|Any CPU.ActiveCfg = Release|Any CPU
		{C1793ACD-871F-4562-AA59-0F90CCB8E06F}.Release|Any CPU.Build.0 = Release|Any CPU
		{A25BC84B-257E-44C5-9B8A-BB8658A80B51}.Debug|Any CPU.ActiveCfg = Debug|Any CPU
		{A25BC84B-257E-44C5-9B8A-BB8658A80B51}.Debug|Any CPU.Build.0 = Debug|Any CPU
		{A25BC84B-257E-44C5-9B8A-BB8658A80B51}.Release|Any CPU.ActiveCfg = Release|Any CPU
		{A25BC84B-257E-44C5-9B8A-BB8658A80B51}.Release|Any CPU.Build.0 = Release|Any CPU
		{5FF5FE5C-DE53-4E8D-9CCF-2E46452288B0}.Debug|Any CPU.ActiveCfg = Debug|Any CPU
		{5FF5FE5C-DE53-4E8D-9CCF-2E46452288B0}.Debug|Any CPU.Build.0 = Debug|Any CPU
		{5FF5FE5C-DE53-4E8D-9CCF-2E46452288B0}.Release|Any CPU.ActiveCfg = Release|Any CPU
		{5FF5FE5C-DE53-4E8D-9CCF-2E46452288B0}.Release|Any CPU.Build.0 = Release|Any CPU
		{A2FF261F-B03B-4DB5-9054-BD7531656616}.Debug|Any CPU.ActiveCfg = Debug|Any CPU
		{A2FF261F-B03B-4DB5-9054-BD7531656616}.Debug|Any CPU.Build.0 = Debug|Any CPU
		{A2FF261F-B03B-4DB5-9054-BD7531656616}.Release|Any CPU.ActiveCfg = Release|Any CPU
		{A2FF261F-B03B-4DB5-9054-BD7531656616}.Release|Any CPU.Build.0 = Release|Any CPU
		{C2D54D55-D3AA-4E67-9AC5-6B21D248D2B5}.Debug|Any CPU.ActiveCfg = Debug|Any CPU
		{C2D54D55-D3AA-4E67-9AC5-6B21D248D2B5}.Debug|Any CPU.Build.0 = Debug|Any CPU
		{C2D54D55-D3AA-4E67-9AC5-6B21D248D2B5}.Release|Any CPU.ActiveCfg = Release|Any CPU
		{C2D54D55-D3AA-4E67-9AC5-6B21D248D2B5}.Release|Any CPU.Build.0 = Release|Any CPU
		{633577E5-304F-47F0-9F0E-7095CFD442B2}.Debug|Any CPU.ActiveCfg = Debug|Any CPU
		{633577E5-304F-47F0-9F0E-7095CFD442B2}.Debug|Any CPU.Build.0 = Debug|Any CPU
		{633577E5-304F-47F0-9F0E-7095CFD442B2}.Release|Any CPU.ActiveCfg = Release|Any CPU
		{633577E5-304F-47F0-9F0E-7095CFD442B2}.Release|Any CPU.Build.0 = Release|Any CPU
		{61A64221-C618-4306-BEAC-5514270E41AA}.Debug|Any CPU.ActiveCfg = Debug|Any CPU
		{61A64221-C618-4306-BEAC-5514270E41AA}.Debug|Any CPU.Build.0 = Debug|Any CPU
		{61A64221-C618-4306-BEAC-5514270E41AA}.Release|Any CPU.ActiveCfg = Release|Any CPU
		{61A64221-C618-4306-BEAC-5514270E41AA}.Release|Any CPU.Build.0 = Release|Any CPU
		{18EA5685-A982-4CAB-B834-285D0CFD2A80}.Debug|Any CPU.ActiveCfg = Debug|Any CPU
		{18EA5685-A982-4CAB-B834-285D0CFD2A80}.Debug|Any CPU.Build.0 = Debug|Any CPU
		{18EA5685-A982-4CAB-B834-285D0CFD2A80}.Release|Any CPU.ActiveCfg = Release|Any CPU
		{18EA5685-A982-4CAB-B834-285D0CFD2A80}.Release|Any CPU.Build.0 = Release|Any CPU
		{C809E0DB-DE18-4CCC-828E-E1B8FC5CB28F}.Debug|Any CPU.ActiveCfg = Debug|Any CPU
		{C809E0DB-DE18-4CCC-828E-E1B8FC5CB28F}.Debug|Any CPU.Build.0 = Debug|Any CPU
		{C809E0DB-DE18-4CCC-828E-E1B8FC5CB28F}.Release|Any CPU.ActiveCfg = Release|Any CPU
		{C809E0DB-DE18-4CCC-828E-E1B8FC5CB28F}.Release|Any CPU.Build.0 = Release|Any CPU
		{9B1A4C4B-9E5E-452B-98BF-BB6A44001E98}.Debug|Any CPU.ActiveCfg = Debug|Any CPU
		{9B1A4C4B-9E5E-452B-98BF-BB6A44001E98}.Debug|Any CPU.Build.0 = Debug|Any CPU
		{9B1A4C4B-9E5E-452B-98BF-BB6A44001E98}.Release|Any CPU.ActiveCfg = Release|Any CPU
		{9B1A4C4B-9E5E-452B-98BF-BB6A44001E98}.Release|Any CPU.Build.0 = Release|Any CPU
		{5719979E-F519-4282-B6AB-F5133B03E56E}.Debug|Any CPU.ActiveCfg = Debug|Any CPU
		{5719979E-F519-4282-B6AB-F5133B03E56E}.Debug|Any CPU.Build.0 = Debug|Any CPU
		{5719979E-F519-4282-B6AB-F5133B03E56E}.Release|Any CPU.ActiveCfg = Release|Any CPU
		{5719979E-F519-4282-B6AB-F5133B03E56E}.Release|Any CPU.Build.0 = Release|Any CPU
		{11E5C792-D839-4AE1-A35D-09CDAF12AE84}.Debug|Any CPU.ActiveCfg = Debug|Any CPU
		{11E5C792-D839-4AE1-A35D-09CDAF12AE84}.Debug|Any CPU.Build.0 = Debug|Any CPU
		{11E5C792-D839-4AE1-A35D-09CDAF12AE84}.Release|Any CPU.ActiveCfg = Release|Any CPU
		{11E5C792-D839-4AE1-A35D-09CDAF12AE84}.Release|Any CPU.Build.0 = Release|Any CPU
		{943A20F3-A00F-49AB-B365-899154FF1F2E}.Debug|Any CPU.ActiveCfg = Debug|Any CPU
		{943A20F3-A00F-49AB-B365-899154FF1F2E}.Debug|Any CPU.Build.0 = Debug|Any CPU
		{943A20F3-A00F-49AB-B365-899154FF1F2E}.Release|Any CPU.ActiveCfg = Release|Any CPU
		{943A20F3-A00F-49AB-B365-899154FF1F2E}.Release|Any CPU.Build.0 = Release|Any CPU
	EndGlobalSection
	GlobalSection(SolutionProperties) = preSolution
		HideSolutionNode = FALSE
	EndGlobalSection
	GlobalSection(ExtensibilityGlobals) = postSolution
		SolutionGuid = {0F2726FF-2E5B-4856-A903-3B2960500FEA}
	EndGlobalSection
EndGlobal
